
Microsoft Visual Studio Solution File, Format Version 12.00
# Visual Studio Version 17
VisualStudioVersion = 17.4.33122.133
MinimumVisualStudioVersion = 10.0.40219.1
Project("{9A19103F-16F7-4668-BE54-9A1E7A4F7556}") = "Entities", "Entities\Entities.csproj", "{9C65C4F8-E5CC-43F0-A8B9-8CD56999F11B}"
EndProject
Project("{9A19103F-16F7-4668-BE54-9A1E7A4F7556}") = "DataAccess", "DataAccess\DataAccess.csproj", "{52F725AF-0255-4CAD-88A8-CC2939550E5D}"
EndProject
Project("{9A19103F-16F7-4668-BE54-9A1E7A4F7556}") = "Business", "Business\Business.csproj", "{0C261958-5491-4256-B090-91457B4A724D}"
EndProject
Project("{9A19103F-16F7-4668-BE54-9A1E7A4F7556}") = "Core", "Core\Core.csproj", "{45B1A1E0-733A-4519-9F11-5B002D0CFEAE}"
EndProject
Project("{9A19103F-16F7-4668-BE54-9A1E7A4F7556}") = "WebApplicationCarRental", "WebApplicationCarRenal\WebApplicationCarRental.csproj", "{207D8EBB-6EB1-40A6-B6B6-18E866CD8D08}"
EndProject
Global
	GlobalSection(SolutionConfigurationPlatforms) = preSolution
		Debug|Any CPU = Debug|Any CPU
		Release|Any CPU = Release|Any CPU
	EndGlobalSection
	GlobalSection(ProjectConfigurationPlatforms) = postSolution
		{9C65C4F8-E5CC-43F0-A8B9-8CD56999F11B}.Debug|Any CPU.ActiveCfg = Debug|Any CPU
		{9C65C4F8-E5CC-43F0-A8B9-8CD56999F11B}.Debug|Any CPU.Build.0 = Debug|Any CPU
		{9C65C4F8-E5CC-43F0-A8B9-8CD56999F11B}.Release|Any CPU.ActiveCfg = Release|Any CPU
		{9C65C4F8-E5CC-43F0-A8B9-8CD56999F11B}.Release|Any CPU.Build.0 = Release|Any CPU
		{52F725AF-0255-4CAD-88A8-CC2939550E5D}.Debug|Any CPU.ActiveCfg = Debug|Any CPU
		{52F725AF-0255-4CAD-88A8-CC2939550E5D}.Debug|Any CPU.Build.0 = Debug|Any CPU
		{52F725AF-0255-4CAD-88A8-CC2939550E5D}.Release|Any CPU.ActiveCfg = Release|Any CPU
		{52F725AF-0255-4CAD-88A8-CC2939550E5D}.Release|Any CPU.Build.0 = Release|Any CPU
		{0C261958-5491-4256-B090-91457B4A724D}.Debug|Any CPU.ActiveCfg = Debug|Any CPU
		{0C261958-5491-4256-B090-91457B4A724D}.Debug|Any CPU.Build.0 = Debug|Any CPU
		{0C261958-5491-4256-B090-91457B4A724D}.Release|Any CPU.ActiveCfg = Release|Any CPU
		{0C261958-5491-4256-B090-91457B4A724D}.Release|Any CPU.Build.0 = Release|Any CPU
		{45B1A1E0-733A-4519-9F11-5B002D0CFEAE}.Debug|Any CPU.ActiveCfg = Debug|Any CPU
		{45B1A1E0-733A-4519-9F11-5B002D0CFEAE}.Debug|Any CPU.Build.0 = Debug|Any CPU
		{45B1A1E0-733A-4519-9F11-5B002D0CFEAE}.Release|Any CPU.ActiveCfg = Release|Any CPU
		{45B1A1E0-733A-4519-9F11-5B002D0CFEAE}.Release|Any CPU.Build.0 = Release|Any CPU
		{207D8EBB-6EB1-40A6-B6B6-18E866CD8D08}.Debug|Any CPU.ActiveCfg = Debug|Any CPU
		{207D8EBB-6EB1-40A6-B6B6-18E866CD8D08}.Debug|Any CPU.Build.0 = Debug|Any CPU
		{207D8EBB-6EB1-40A6-B6B6-18E866CD8D08}.Release|Any CPU.ActiveCfg = Release|Any CPU
		{207D8EBB-6EB1-40A6-B6B6-18E866CD8D08}.Release|Any CPU.Build.0 = Release|Any CPU
	EndGlobalSection
	GlobalSection(SolutionProperties) = preSolution
		HideSolutionNode = FALSE
	EndGlobalSection
	GlobalSection(ExtensibilityGlobals) = postSolution
		SolutionGuid = {20BCCD5F-115B-45DF-80A1-B3759154C3E6}
	EndGlobalSection
EndGlobal
